
Microsoft Visual Studio Solution File, Format Version 12.00
# Visual Studio Version 17
VisualStudioVersion = 17.14.36109.1 d17.14
MinimumVisualStudioVersion = 10.0.40219.1
Project("{FAE04EC0-301F-11D3-BF4B-00C04F79EFBC}") = "EPD_Finder", "EPD_Finder\EPD_Finder.csproj", "{0BE02C60-1566-4C70-BAF3-C976A4F65A70}"
EndProject
Global
	GlobalSection(SolutionConfigurationPlatforms) = preSolution
		Debug|Any CPU = Debug|Any CPU
		Release|Any CPU = Release|Any CPU
	EndGlobalSection
	GlobalSection(ProjectConfigurationPlatforms) = postSolution
		{0BE02C60-1566-4C70-BAF3-C976A4F65A70}.Debug|Any CPU.ActiveCfg = Debug|Any CPU
		{0BE02C60-1566-4C70-BAF3-C976A4F65A70}.Debug|Any CPU.Build.0 = Debug|Any CPU
		{0BE02C60-1566-4C70-BAF3-C976A4F65A70}.Release|Any CPU.ActiveCfg = Release|Any CPU
		{0BE02C60-1566-4C70-BAF3-C976A4F65A70}.Release|Any CPU.Build.0 = Release|Any CPU
	EndGlobalSection
	GlobalSection(SolutionProperties) = preSolution
		HideSolutionNode = FALSE
	EndGlobalSection
	GlobalSection(ExtensibilityGlobals) = postSolution
		SolutionGuid = {0B881A6C-4A57-4C7F-8EBC-E9224D215955}
	EndGlobalSection
EndGlobal
